
Microsoft Visual Studio Solution File, Format Version 12.00
# Visual Studio Version 17
VisualStudioVersion = 17.0.32014.148
MinimumVisualStudioVersion = 10.0.40219.1
Project("{FAE04EC0-301F-11D3-BF4B-00C04F79EFBC}") = "Publications", "Publications\Publications.csproj", "{A354DB90-2AF9-4EA1-839A-067DD5BAE500}"
EndProject
Project("{FAE04EC0-301F-11D3-BF4B-00C04F79EFBC}") = "Workers", "Workers\Workers.csproj", "{C5AB94A8-3FC6-40AE-AB5D-8DF20AE896EF}"
EndProject
Project("{FAE04EC0-301F-11D3-BF4B-00C04F79EFBC}") = "Processes", "Processes\Processes.csproj", "{EB9CBB77-79C0-4D36-BE7D-5A45221030F8}"
EndProject
Global
	GlobalSection(SolutionConfigurationPlatforms) = preSolution
		Debug|Any CPU = Debug|Any CPU
		Release|Any CPU = Release|Any CPU
	EndGlobalSection
	GlobalSection(ProjectConfigurationPlatforms) = postSolution
		{A354DB90-2AF9-4EA1-839A-067DD5BAE500}.Debug|Any CPU.ActiveCfg = Debug|Any CPU
		{A354DB90-2AF9-4EA1-839A-067DD5BAE500}.Debug|Any CPU.Build.0 = Debug|Any CPU
		{A354DB90-2AF9-4EA1-839A-067DD5BAE500}.Release|Any CPU.ActiveCfg = Release|Any CPU
		{A354DB90-2AF9-4EA1-839A-067DD5BAE500}.Release|Any CPU.Build.0 = Release|Any CPU
		{C5AB94A8-3FC6-40AE-AB5D-8DF20AE896EF}.Debug|Any CPU.ActiveCfg = Debug|Any CPU
		{C5AB94A8-3FC6-40AE-AB5D-8DF20AE896EF}.Debug|Any CPU.Build.0 = Debug|Any CPU
		{C5AB94A8-3FC6-40AE-AB5D-8DF20AE896EF}.Release|Any CPU.ActiveCfg = Release|Any CPU
		{C5AB94A8-3FC6-40AE-AB5D-8DF20AE896EF}.Release|Any CPU.Build.0 = Release|Any CPU
		{EB9CBB77-79C0-4D36-BE7D-5A45221030F8}.Debug|Any CPU.ActiveCfg = Debug|Any CPU
		{EB9CBB77-79C0-4D36-BE7D-5A45221030F8}.Debug|Any CPU.Build.0 = Debug|Any CPU
		{EB9CBB77-79C0-4D36-BE7D-5A45221030F8}.Release|Any CPU.ActiveCfg = Release|Any CPU
		{EB9CBB77-79C0-4D36-BE7D-5A45221030F8}.Release|Any CPU.Build.0 = Release|Any CPU
	EndGlobalSection
	GlobalSection(SolutionProperties) = preSolution
		HideSolutionNode = FALSE
	EndGlobalSection
	GlobalSection(ExtensibilityGlobals) = postSolution
		SolutionGuid = {8F67D118-DB12-4706-BB8A-7F3E24D23C67}
	EndGlobalSection
EndGlobal
